
Microsoft Visual Studio Solution File, Format Version 12.00
# Visual Studio 2012
Project("{FAE04EC0-301F-11D3-BF4B-00C04F79EFBC}") = "Ubuoy.UserAuthentication", "Ubuoy.UserAuthentication\Ubuoy.UserAuthentication.csproj", "{1B0FF717-5507-4237-81DC-B7A7F7D78B33}"
EndProject
Global
	GlobalSection(TeamFoundationVersionControl) = preSolution
		SccNumberOfProjects = 2
		SccEnterpriseProvider = {4CA58AB2-18FA-4F8D-95D4-32DDF27D184C}
		SccTeamFoundationServer = https://ubuoyteam.tfspreview.com/defaultcollection
		SccLocalPath0 = .
		SccProjectUniqueName1 = Ubuoy.UserAuthentication\\Ubuoy.UserAuthentication.csproj
		SccProjectName1 = Ubuoy.UserAuthentication
		SccLocalPath1 = Ubuoy.UserAuthentication
	EndGlobalSection
	GlobalSection(SolutionConfigurationPlatforms) = preSolution
		Debug|Any CPU = Debug|Any CPU
		Release|Any CPU = Release|Any CPU
	EndGlobalSection
	GlobalSection(ProjectConfigurationPlatforms) = postSolution
		{1B0FF717-5507-4237-81DC-B7A7F7D78B33}.Debug|Any CPU.ActiveCfg = Debug|Any CPU
		{1B0FF717-5507-4237-81DC-B7A7F7D78B33}.Debug|Any CPU.Build.0 = Debug|Any CPU
		{1B0FF717-5507-4237-81DC-B7A7F7D78B33}.Release|Any CPU.ActiveCfg = Release|Any CPU
		{1B0FF717-5507-4237-81DC-B7A7F7D78B33}.Release|Any CPU.Build.0 = Release|Any CPU
	EndGlobalSection
	GlobalSection(SolutionProperties) = preSolution
		HideSolutionNode = FALSE
	EndGlobalSection
EndGlobal
